
Microsoft Visual Studio Solution File, Format Version 12.00
# Visual Studio Version 17
VisualStudioVersion = 17.6.33815.320
MinimumVisualStudioVersion = 10.0.40219.1
Project("{FAE04EC0-301F-11D3-BF4B-00C04F79EFBC}") = "PROG7311", "PROG7311\PROG7311.csproj", "{CA73EBF9-9772-4562-BF03-E19D76A83FED}"
EndProject
Global
	GlobalSection(SolutionConfigurationPlatforms) = preSolution
		Debug|Any CPU = Debug|Any CPU
		Release|Any CPU = Release|Any CPU
	EndGlobalSection
	GlobalSection(ProjectConfigurationPlatforms) = postSolution
		{CA73EBF9-9772-4562-BF03-E19D76A83FED}.Debug|Any CPU.ActiveCfg = Debug|Any CPU
		{CA73EBF9-9772-4562-BF03-E19D76A83FED}.Debug|Any CPU.Build.0 = Debug|Any CPU
		{CA73EBF9-9772-4562-BF03-E19D76A83FED}.Release|Any CPU.ActiveCfg = Release|Any CPU
		{CA73EBF9-9772-4562-BF03-E19D76A83FED}.Release|Any CPU.Build.0 = Release|Any CPU
	EndGlobalSection
	GlobalSection(SolutionProperties) = preSolution
		HideSolutionNode = FALSE
	EndGlobalSection
	GlobalSection(ExtensibilityGlobals) = postSolution
		SolutionGuid = {558931C7-8EED-495C-A598-2F88E37638E7}
	EndGlobalSection
EndGlobal
